
Microsoft Visual Studio Solution File, Format Version 12.00
# Visual Studio 2012
Project("{FAE04EC0-301F-11D3-BF4B-00C04F79EFBC}") = "BackupSystem.UI.Wpf", "BackupSystem\BackupSystem.UI.Wpf.csproj", "{16C83036-33F4-49F3-8FCF-70863D536F0B}"
EndProject
Project("{FAE04EC0-301F-11D3-BF4B-00C04F79EFBC}") = "BackupSystem.DAL", "BackupSystem.DAL\BackupSystem.DAL.csproj", "{EF6F79D6-E0B9-4A89-BFCA-E6ACE641B78B}"
EndProject
Project("{FAE04EC0-301F-11D3-BF4B-00C04F79EFBC}") = "BackupSystem.Common", "BackupSystem.Common\BackupSystem.Common.csproj", "{20CDFC0F-B390-4EF1-A6B1-332D0AC7ACE6}"
EndProject
Project("{FAE04EC0-301F-11D3-BF4B-00C04F79EFBC}") = "BackupSystem.Controls.Wpf", "BackupSystem.Controls.Wpf\BackupSystem.Controls.Wpf.csproj", "{73034527-1AE5-46F8-8CE8-A1840D9F4480}"
EndProject
Project("{FAE04EC0-301F-11D3-BF4B-00C04F79EFBC}") = "BackupSystem.ApplicationLogic", "BackupSystem.ApplicationLogic\BackupSystem.ApplicationLogic.csproj", "{E1E5B769-0C06-40E4-8735-B5476017F7E7}"
EndProject
Project("{2150E333-8FDC-42A3-9474-1A3956D46DE8}") = "1. Application", "1. Application", "{11794E65-F614-4A16-B332-E1E24A620AA7}"
EndProject
Project("{FAE04EC0-301F-11D3-BF4B-00C04F79EFBC}") = "BackupSystem.Domain", "BackupSystem.Domain\BackupSystem.Domain.csproj", "{1D11F4EA-B1B4-4668-BBB9-1FFA5BE679BA}"
EndProject
Project("{2150E333-8FDC-42A3-9474-1A3956D46DE8}") = "2. Business Logic", "2. Business Logic", "{05EF2238-3115-42B7-823D-1154962EE909}"
EndProject
Project("{2150E333-8FDC-42A3-9474-1A3956D46DE8}") = "Wpf", "Wpf", "{3B808E15-3325-48A5-9EC4-EA31A357A332}"
EndProject
Project("{2150E333-8FDC-42A3-9474-1A3956D46DE8}") = "3. Data Access", "3. Data Access", "{D5487E2A-B269-41C1-946F-75228080490E}"
EndProject
Project("{2150E333-8FDC-42A3-9474-1A3956D46DE8}") = "Common", "Common", "{049A00BD-29A5-46A7-83D2-5EA3DBFC2F34}"
EndProject
Project("{FAE04EC0-301F-11D3-BF4B-00C04F79EFBC}") = "BackupSystem.Styles.Wpf", "BackupSystem.Styles.Wpf\BackupSystem.Styles.Wpf.csproj", "{5B1710D2-5DC8-4754-91B2-19165DE49B3D}"
EndProject
Project("{FAE04EC0-301F-11D3-BF4B-00C04F79EFBC}") = "BackupSystem.Common.Wpf", "BackupSystem.Common.Wpf\BackupSystem.Common.Wpf.csproj", "{D6952490-9816-4875-8F9F-0A3250886794}"
EndProject
Global
	GlobalSection(SolutionConfigurationPlatforms) = preSolution
		Debug|Any CPU = Debug|Any CPU
		Release|Any CPU = Release|Any CPU
	EndGlobalSection
	GlobalSection(ProjectConfigurationPlatforms) = postSolution
		{16C83036-33F4-49F3-8FCF-70863D536F0B}.Debug|Any CPU.ActiveCfg = Debug|Any CPU
		{16C83036-33F4-49F3-8FCF-70863D536F0B}.Debug|Any CPU.Build.0 = Debug|Any CPU
		{16C83036-33F4-49F3-8FCF-70863D536F0B}.Release|Any CPU.ActiveCfg = Release|Any CPU
		{16C83036-33F4-49F3-8FCF-70863D536F0B}.Release|Any CPU.Build.0 = Release|Any CPU
		{EF6F79D6-E0B9-4A89-BFCA-E6ACE641B78B}.Debug|Any CPU.ActiveCfg = Debug|Any CPU
		{EF6F79D6-E0B9-4A89-BFCA-E6ACE641B78B}.Debug|Any CPU.Build.0 = Debug|Any CPU
		{EF6F79D6-E0B9-4A89-BFCA-E6ACE641B78B}.Release|Any CPU.ActiveCfg = Release|Any CPU
		{EF6F79D6-E0B9-4A89-BFCA-E6ACE641B78B}.Release|Any CPU.Build.0 = Release|Any CPU
		{20CDFC0F-B390-4EF1-A6B1-332D0AC7ACE6}.Debug|Any CPU.ActiveCfg = Debug|Any CPU
		{20CDFC0F-B390-4EF1-A6B1-332D0AC7ACE6}.Debug|Any CPU.Build.0 = Debug|Any CPU
		{20CDFC0F-B390-4EF1-A6B1-332D0AC7ACE6}.Release|Any CPU.ActiveCfg = Release|Any CPU
		{20CDFC0F-B390-4EF1-A6B1-332D0AC7ACE6}.Release|Any CPU.Build.0 = Release|Any CPU
		{73034527-1AE5-46F8-8CE8-A1840D9F4480}.Debug|Any CPU.ActiveCfg = Debug|Any CPU
		{73034527-1AE5-46F8-8CE8-A1840D9F4480}.Debug|Any CPU.Build.0 = Debug|Any CPU
		{73034527-1AE5-46F8-8CE8-A1840D9F4480}.Release|Any CPU.ActiveCfg = Release|Any CPU
		{73034527-1AE5-46F8-8CE8-A1840D9F4480}.Release|Any CPU.Build.0 = Release|Any CPU
		{E1E5B769-0C06-40E4-8735-B5476017F7E7}.Debug|Any CPU.ActiveCfg = Debug|Any CPU
		{E1E5B769-0C06-40E4-8735-B5476017F7E7}.Debug|Any CPU.Build.0 = Debug|Any CPU
		{E1E5B769-0C06-40E4-8735-B5476017F7E7}.Release|Any CPU.ActiveCfg = Release|Any CPU
		{E1E5B769-0C06-40E4-8735-B5476017F7E7}.Release|Any CPU.Build.0 = Release|Any CPU
		{1D11F4EA-B1B4-4668-BBB9-1FFA5BE679BA}.Debug|Any CPU.ActiveCfg = Debug|Any CPU
		{1D11F4EA-B1B4-4668-BBB9-1FFA5BE679BA}.Debug|Any CPU.Build.0 = Debug|Any CPU
		{1D11F4EA-B1B4-4668-BBB9-1FFA5BE679BA}.Release|Any CPU.ActiveCfg = Release|Any CPU
		{1D11F4EA-B1B4-4668-BBB9-1FFA5BE679BA}.Release|Any CPU.Build.0 = Release|Any CPU
		{5B1710D2-5DC8-4754-91B2-19165DE49B3D}.Debug|Any CPU.ActiveCfg = Debug|Any CPU
		{5B1710D2-5DC8-4754-91B2-19165DE49B3D}.Debug|Any CPU.Build.0 = Debug|Any CPU
		{5B1710D2-5DC8-4754-91B2-19165DE49B3D}.Release|Any CPU.ActiveCfg = Release|Any CPU
		{5B1710D2-5DC8-4754-91B2-19165DE49B3D}.Release|Any CPU.Build.0 = Release|Any CPU
		{D6952490-9816-4875-8F9F-0A3250886794}.Debug|Any CPU.ActiveCfg = Debug|Any CPU
		{D6952490-9816-4875-8F9F-0A3250886794}.Debug|Any CPU.Build.0 = Debug|Any CPU
		{D6952490-9816-4875-8F9F-0A3250886794}.Release|Any CPU.ActiveCfg = Release|Any CPU
		{D6952490-9816-4875-8F9F-0A3250886794}.Release|Any CPU.Build.0 = Release|Any CPU
	EndGlobalSection
	GlobalSection(SolutionProperties) = preSolution
		HideSolutionNode = FALSE
	EndGlobalSection
	GlobalSection(NestedProjects) = preSolution
		{3B808E15-3325-48A5-9EC4-EA31A357A332} = {11794E65-F614-4A16-B332-E1E24A620AA7}
		{E1E5B769-0C06-40E4-8735-B5476017F7E7} = {11794E65-F614-4A16-B332-E1E24A620AA7}
		{EF6F79D6-E0B9-4A89-BFCA-E6ACE641B78B} = {D5487E2A-B269-41C1-946F-75228080490E}
		{20CDFC0F-B390-4EF1-A6B1-332D0AC7ACE6} = {049A00BD-29A5-46A7-83D2-5EA3DBFC2F34}
		{16C83036-33F4-49F3-8FCF-70863D536F0B} = {3B808E15-3325-48A5-9EC4-EA31A357A332}
		{73034527-1AE5-46F8-8CE8-A1840D9F4480} = {3B808E15-3325-48A5-9EC4-EA31A357A332}
		{5B1710D2-5DC8-4754-91B2-19165DE49B3D} = {3B808E15-3325-48A5-9EC4-EA31A357A332}
		{D6952490-9816-4875-8F9F-0A3250886794} = {3B808E15-3325-48A5-9EC4-EA31A357A332}
		{1D11F4EA-B1B4-4668-BBB9-1FFA5BE679BA} = {05EF2238-3115-42B7-823D-1154962EE909}
	EndGlobalSection
EndGlobal
